// !$*UTF8*$!
{
	archiveVersion = 1;
	classes = {
	};
	objectVersion = 50;
	objects = {

/* Begin PBXBuildFile section */
		7B142E8C492FF4863FF3B00B /* Pods_JD.framework in Frameworks */ = {isa = PBXBuildFile; fileRef = FE5DD3D8887DE04F06EE2EEC /* Pods_JD.framework */; };
		7C940C972093303300DF3B57 /* LoginViewController.swift in Sources */ = {isa = PBXBuildFile; fileRef = 7C940C962093303300DF3B57 /* LoginViewController.swift */; };
		7CA6CE4B2092E6B300150E76 /* AppDelegate.swift in Sources */ = {isa = PBXBuildFile; fileRef = 7CA6CE4A2092E6B300150E76 /* AppDelegate.swift */; };
		7CA6CE522092E6B300150E76 /* Main.storyboard in Resources */ = {isa = PBXBuildFile; fileRef = 7CA6CE502092E6B300150E76 /* Main.storyboard */; };
		7CA6CE542092E6B400150E76 /* Assets.xcassets in Resources */ = {isa = PBXBuildFile; fileRef = 7CA6CE532092E6B400150E76 /* Assets.xcassets */; };
		7CA6CE572092E6B400150E76 /* LaunchScreen.storyboard in Resources */ = {isa = PBXBuildFile; fileRef = 7CA6CE552092E6B400150E76 /* LaunchScreen.storyboard */; };
		7CA6CE622092E6B400150E76 /* JDTests.swift in Sources */ = {isa = PBXBuildFile; fileRef = 7CA6CE612092E6B400150E76 /* JDTests.swift */; };
		7CA6CE6D2092E6B400150E76 /* JDUITests.swift in Sources */ = {isa = PBXBuildFile; fileRef = 7CA6CE6C2092E6B400150E76 /* JDUITests.swift */; };
		7CA6CE7F2092EBD800150E76 /* HomeViewController.swift in Sources */ = {isa = PBXBuildFile; fileRef = 7CA6CE7E2092EBD800150E76 /* HomeViewController.swift */; };
		7CA6CE812092EC0F00150E76 /* AcrylicCollectionViewCell.swift in Sources */ = {isa = PBXBuildFile; fileRef = 7CA6CE802092EC0F00150E76 /* AcrylicCollectionViewCell.swift */; };
		7CA6CE832092EC2300150E76 /* ChromeCollectionViewCell.swift in Sources */ = {isa = PBXBuildFile; fileRef = 7CA6CE822092EC2300150E76 /* ChromeCollectionViewCell.swift */; };
		7CA6CE852092EC3600150E76 /* VeganCollectionViewCell.swift in Sources */ = {isa = PBXBuildFile; fileRef = 7CA6CE842092EC3500150E76 /* VeganCollectionViewCell.swift */; };
		7CA6CE872092F0C200150E76 /* ServiceTableViewController.swift in Sources */ = {isa = PBXBuildFile; fileRef = 7CA6CE862092F0C200150E76 /* ServiceTableViewController.swift */; };
		7CA6CE892092F0F100150E76 /* ServiceTableViewCell.swift in Sources */ = {isa = PBXBuildFile; fileRef = 7CA6CE882092F0F100150E76 /* ServiceTableViewCell.swift */; };
		7CA6CE8B2092F89B00150E76 /* ContactViewController.swift in Sources */ = {isa = PBXBuildFile; fileRef = 7CA6CE8A2092F89B00150E76 /* ContactViewController.swift */; };
		7CA6CE8D2093057D00150E76 /* GoogleService-Info.plist in Resources */ = {isa = PBXBuildFile; fileRef = 7CA6CE8C2093057D00150E76 /* GoogleService-Info.plist */; };
		7CA6CE8F2093083F00150E76 /* GalleryCollectionViewCell.swift in Sources */ = {isa = PBXBuildFile; fileRef = 7CA6CE8E2093083F00150E76 /* GalleryCollectionViewCell.swift */; };
		7CA6CE912093085500150E76 /* GalleryCollectionViewController.swift in Sources */ = {isa = PBXBuildFile; fileRef = 7CA6CE902093085500150E76 /* GalleryCollectionViewController.swift */; };
		7CA6CE9320930C6400150E76 /* NewPostViewController.swift in Sources */ = {isa = PBXBuildFile; fileRef = 7CA6CE9220930C6400150E76 /* NewPostViewController.swift */; };
		7CA6CE9520930CA700150E76 /* Post.swift in Sources */ = {isa = PBXBuildFile; fileRef = 7CA6CE9420930CA700150E76 /* Post.swift */; };
		D1BC04064E1E74FBCAACDE07 /* Pods_JDUITests.framework in Frameworks */ = {isa = PBXBuildFile; fileRef = 54C117716DEEBAAFD0EBF3C2 /* Pods_JDUITests.framework */; };
		E2269793C37474579A9A5ED3 /* Pods_JDTests.framework in Frameworks */ = {isa = PBXBuildFile; fileRef = 861CBC9C242F43A028604CAD /* Pods_JDTests.framework */; };
/* End PBXBuildFile section */

/* Begin PBXContainerItemProxy section */
		7CA6CE5E2092E6B400150E76 /* PBXContainerItemProxy */ = {
			isa = PBXContainerItemProxy;
			containerPortal = 7CA6CE3F2092E6B300150E76 /* Project object */;
			proxyType = 1;
			remoteGlobalIDString = 7CA6CE462092E6B300150E76;
			remoteInfo = JD;
		};
		7CA6CE692092E6B400150E76 /* PBXContainerItemProxy */ = {
			isa = PBXContainerItemProxy;
			containerPortal = 7CA6CE3F2092E6B300150E76 /* Project object */;
			proxyType = 1;
			remoteGlobalIDString = 7CA6CE462092E6B300150E76;
			remoteInfo = JD;
		};
/* End PBXContainerItemProxy section */

/* Begin PBXFileReference section */
		54C117716DEEBAAFD0EBF3C2 /* Pods_JDUITests.framework */ = {isa = PBXFileReference; explicitFileType = wrapper.framework; includeInIndex = 0; path = Pods_JDUITests.framework; sourceTree = BUILT_PRODUCTS_DIR; };
		6B347709B697667C26EB7985 /* Pods-JDTests.debug.xcconfig */ = {isa = PBXFileReference; includeInIndex = 1; lastKnownFileType = text.xcconfig; name = "Pods-JDTests.debug.xcconfig"; path = "Pods/Target Support Files/Pods-JDTests/Pods-JDTests.debug.xcconfig"; sourceTree = "<group>"; };
		6D7FF56023A37E0DEB569B50 /* Pods-JD.release.xcconfig */ = {isa = PBXFileReference; includeInIndex = 1; lastKnownFileType = text.xcconfig; name = "Pods-JD.release.xcconfig"; path = "Pods/Target Support Files/Pods-JD/Pods-JD.release.xcconfig"; sourceTree = "<group>"; };
		78C23E5773DCBD968EB9C76C /* Pods-JDUITests.release.xcconfig */ = {isa = PBXFileReference; includeInIndex = 1; lastKnownFileType = text.xcconfig; name = "Pods-JDUITests.release.xcconfig"; path = "Pods/Target Support Files/Pods-JDUITests/Pods-JDUITests.release.xcconfig"; sourceTree = "<group>"; };
		7C940C962093303300DF3B57 /* LoginViewController.swift */ = {isa = PBXFileReference; lastKnownFileType = sourcecode.swift; path = LoginViewController.swift; sourceTree = "<group>"; };
		7CA6CE472092E6B300150E76 /* JD.app */ = {isa = PBXFileReference; explicitFileType = wrapper.application; includeInIndex = 0; path = JD.app; sourceTree = BUILT_PRODUCTS_DIR; };
		7CA6CE4A2092E6B300150E76 /* AppDelegate.swift */ = {isa = PBXFileReference; lastKnownFileType = sourcecode.swift; path = AppDelegate.swift; sourceTree = "<group>"; };
		7CA6CE512092E6B300150E76 /* Base */ = {isa = PBXFileReference; lastKnownFileType = file.storyboard; name = Base; path = Base.lproj/Main.storyboard; sourceTree = "<group>"; };
		7CA6CE532092E6B400150E76 /* Assets.xcassets */ = {isa = PBXFileReference; lastKnownFileType = folder.assetcatalog; path = Assets.xcassets; sourceTree = "<group>"; };
		7CA6CE562092E6B400150E76 /* Base */ = {isa = PBXFileReference; lastKnownFileType = file.storyboard; name = Base; path = Base.lproj/LaunchScreen.storyboard; sourceTree = "<group>"; };
		7CA6CE582092E6B400150E76 /* Info.plist */ = {isa = PBXFileReference; lastKnownFileType = text.plist.xml; path = Info.plist; sourceTree = "<group>"; };
		7CA6CE5D2092E6B400150E76 /* JDTests.xctest */ = {isa = PBXFileReference; explicitFileType = wrapper.cfbundle; includeInIndex = 0; path = JDTests.xctest; sourceTree = BUILT_PRODUCTS_DIR; };
		7CA6CE612092E6B400150E76 /* JDTests.swift */ = {isa = PBXFileReference; lastKnownFileType = sourcecode.swift; path = JDTests.swift; sourceTree = "<group>"; };
		7CA6CE632092E6B400150E76 /* Info.plist */ = {isa = PBXFileReference; lastKnownFileType = text.plist.xml; path = Info.plist; sourceTree = "<group>"; };
		7CA6CE682092E6B400150E76 /* JDUITests.xctest */ = {isa = PBXFileReference; explicitFileType = wrapper.cfbundle; includeInIndex = 0; path = JDUITests.xctest; sourceTree = BUILT_PRODUCTS_DIR; };
		7CA6CE6C2092E6B400150E76 /* JDUITests.swift */ = {isa = PBXFileReference; lastKnownFileType = sourcecode.swift; path = JDUITests.swift; sourceTree = "<group>"; };
		7CA6CE6E2092E6B400150E76 /* Info.plist */ = {isa = PBXFileReference; lastKnownFileType = text.plist.xml; path = Info.plist; sourceTree = "<group>"; };
		7CA6CE7E2092EBD800150E76 /* HomeViewController.swift */ = {isa = PBXFileReference; lastKnownFileType = sourcecode.swift; path = HomeViewController.swift; sourceTree = "<group>"; };
		7CA6CE802092EC0F00150E76 /* AcrylicCollectionViewCell.swift */ = {isa = PBXFileReference; lastKnownFileType = sourcecode.swift; path = AcrylicCollectionViewCell.swift; sourceTree = "<group>"; };
		7CA6CE822092EC2300150E76 /* ChromeCollectionViewCell.swift */ = {isa = PBXFileReference; lastKnownFileType = sourcecode.swift; path = ChromeCollectionViewCell.swift; sourceTree = "<group>"; };
		7CA6CE842092EC3500150E76 /* VeganCollectionViewCell.swift */ = {isa = PBXFileReference; lastKnownFileType = sourcecode.swift; path = VeganCollectionViewCell.swift; sourceTree = "<group>"; };
		7CA6CE862092F0C200150E76 /* ServiceTableViewController.swift */ = {isa = PBXFileReference; lastKnownFileType = sourcecode.swift; path = ServiceTableViewController.swift; sourceTree = "<group>"; };
		7CA6CE882092F0F100150E76 /* ServiceTableViewCell.swift */ = {isa = PBXFileReference; lastKnownFileType = sourcecode.swift; path = ServiceTableViewCell.swift; sourceTree = "<group>"; };
		7CA6CE8A2092F89B00150E76 /* ContactViewController.swift */ = {isa = PBXFileReference; lastKnownFileType = sourcecode.swift; path = ContactViewController.swift; sourceTree = "<group>"; };
		7CA6CE8C2093057D00150E76 /* GoogleService-Info.plist */ = {isa = PBXFileReference; fileEncoding = 4; lastKnownFileType = text.plist.xml; path = "GoogleService-Info.plist"; sourceTree = "<group>"; };
		7CA6CE8E2093083F00150E76 /* GalleryCollectionViewCell.swift */ = {isa = PBXFileReference; lastKnownFileType = sourcecode.swift; path = GalleryCollectionViewCell.swift; sourceTree = "<group>"; };
		7CA6CE902093085500150E76 /* GalleryCollectionViewController.swift */ = {isa = PBXFileReference; lastKnownFileType = sourcecode.swift; path = GalleryCollectionViewController.swift; sourceTree = "<group>"; };
		7CA6CE9220930C6400150E76 /* NewPostViewController.swift */ = {isa = PBXFileReference; lastKnownFileType = sourcecode.swift; path = NewPostViewController.swift; sourceTree = "<group>"; };
		7CA6CE9420930CA700150E76 /* Post.swift */ = {isa = PBXFileReference; lastKnownFileType = sourcecode.swift; path = Post.swift; sourceTree = "<group>"; };
		861CBC9C242F43A028604CAD /* Pods_JDTests.framework */ = {isa = PBXFileReference; explicitFileType = wrapper.framework; includeInIndex = 0; path = Pods_JDTests.framework; sourceTree = BUILT_PRODUCTS_DIR; };
		B76AF29DA63B19842AB5863A /* Pods-JD.debug.xcconfig */ = {isa = PBXFileReference; includeInIndex = 1; lastKnownFileType = text.xcconfig; name = "Pods-JD.debug.xcconfig"; path = "Pods/Target Support Files/Pods-JD/Pods-JD.debug.xcconfig"; sourceTree = "<group>"; };
		E8B5EFDE0B7628C3F766B47F /* Pods-JDTests.release.xcconfig */ = {isa = PBXFileReference; includeInIndex = 1; lastKnownFileType = text.xcconfig; name = "Pods-JDTests.release.xcconfig"; path = "Pods/Target Support Files/Pods-JDTests/Pods-JDTests.release.xcconfig"; sourceTree = "<group>"; };
		FD847FE5E0A0477B651C1436 /* Pods-JDUITests.debug.xcconfig */ = {isa = PBXFileReference; includeInIndex = 1; lastKnownFileType = text.xcconfig; name = "Pods-JDUITests.debug.xcconfig"; path = "Pods/Target Support Files/Pods-JDUITests/Pods-JDUITests.debug.xcconfig"; sourceTree = "<group>"; };
		FE5DD3D8887DE04F06EE2EEC /* Pods_JD.framework */ = {isa = PBXFileReference; explicitFileType = wrapper.framework; includeInIndex = 0; path = Pods_JD.framework; sourceTree = BUILT_PRODUCTS_DIR; };
/* End PBXFileReference section */

/* Begin PBXFrameworksBuildPhase section */
		7CA6CE442092E6B300150E76 /* Frameworks */ = {
			isa = PBXFrameworksBuildPhase;
			buildActionMask = 2147483647;
			files = (
				7B142E8C492FF4863FF3B00B /* Pods_JD.framework in Frameworks */,
			);
			runOnlyForDeploymentPostprocessing = 0;
		};
		7CA6CE5A2092E6B400150E76 /* Frameworks */ = {
			isa = PBXFrameworksBuildPhase;
			buildActionMask = 2147483647;
			files = (
				E2269793C37474579A9A5ED3 /* Pods_JDTests.framework in Frameworks */,
			);
			runOnlyForDeploymentPostprocessing = 0;
		};
		7CA6CE652092E6B400150E76 /* Frameworks */ = {
			isa = PBXFrameworksBuildPhase;
			buildActionMask = 2147483647;
			files = (
				D1BC04064E1E74FBCAACDE07 /* Pods_JDUITests.framework in Frameworks */,
			);
			runOnlyForDeploymentPostprocessing = 0;
		};
/* End PBXFrameworksBuildPhase section */

/* Begin PBXGroup section */
		4ACAFF596457E3D768A3DB43 /* Pods */ = {
			isa = PBXGroup;
			children = (
				B76AF29DA63B19842AB5863A /* Pods-JD.debug.xcconfig */,
				6D7FF56023A37E0DEB569B50 /* Pods-JD.release.xcconfig */,
				6B347709B697667C26EB7985 /* Pods-JDTests.debug.xcconfig */,
				E8B5EFDE0B7628C3F766B47F /* Pods-JDTests.release.xcconfig */,
				FD847FE5E0A0477B651C1436 /* Pods-JDUITests.debug.xcconfig */,
				78C23E5773DCBD968EB9C76C /* Pods-JDUITests.release.xcconfig */,
			);
			name = Pods;
			sourceTree = "<group>";
		};
		7CA6CE3E2092E6B300150E76 = {
			isa = PBXGroup;
			children = (
				7CA6CE8C2093057D00150E76 /* GoogleService-Info.plist */,
				7CA6CE492092E6B300150E76 /* JD */,
				7CA6CE602092E6B400150E76 /* JDTests */,
				7CA6CE6B2092E6B400150E76 /* JDUITests */,
				7CA6CE482092E6B300150E76 /* Products */,
				4ACAFF596457E3D768A3DB43 /* Pods */,
				E5972586B1B8F7FC2782144E /* Frameworks */,
			);
			sourceTree = "<group>";
		};
		7CA6CE482092E6B300150E76 /* Products */ = {
			isa = PBXGroup;
			children = (
				7CA6CE472092E6B300150E76 /* JD.app */,
				7CA6CE5D2092E6B400150E76 /* JDTests.xctest */,
				7CA6CE682092E6B400150E76 /* JDUITests.xctest */,
			);
			name = Products;
			sourceTree = "<group>";
		};
		7CA6CE492092E6B300150E76 /* JD */ = {
			isa = PBXGroup;
			children = (
				7CA6CE7D2092EA6F00150E76 /* Gallery */,
				7CA6CE7C2092EA5B00150E76 /* Contact */,
				7CA6CE7B2092EA2F00150E76 /* Service */,
				7CA6CE7A2092EA2200150E76 /* Home */,
				7CA6CE4A2092E6B300150E76 /* AppDelegate.swift */,
				7CA6CE502092E6B300150E76 /* Main.storyboard */,
				7CA6CE532092E6B400150E76 /* Assets.xcassets */,
				7CA6CE552092E6B400150E76 /* LaunchScreen.storyboard */,
				7CA6CE582092E6B400150E76 /* Info.plist */,
				7C940C962093303300DF3B57 /* LoginViewController.swift */,
			);
			path = JD;
			sourceTree = "<group>";
		};
		7CA6CE602092E6B400150E76 /* JDTests */ = {
			isa = PBXGroup;
			children = (
				7CA6CE612092E6B400150E76 /* JDTests.swift */,
				7CA6CE632092E6B400150E76 /* Info.plist */,
			);
			path = JDTests;
			sourceTree = "<group>";
		};
		7CA6CE6B2092E6B400150E76 /* JDUITests */ = {
			isa = PBXGroup;
			children = (
				7CA6CE6C2092E6B400150E76 /* JDUITests.swift */,
				7CA6CE6E2092E6B400150E76 /* Info.plist */,
			);
			path = JDUITests;
			sourceTree = "<group>";
		};
		7CA6CE7A2092EA2200150E76 /* Home */ = {
			isa = PBXGroup;
			children = (
				7CA6CE7E2092EBD800150E76 /* HomeViewController.swift */,
				7CA6CE802092EC0F00150E76 /* AcrylicCollectionViewCell.swift */,
				7CA6CE822092EC2300150E76 /* ChromeCollectionViewCell.swift */,
				7CA6CE842092EC3500150E76 /* VeganCollectionViewCell.swift */,
			);
			path = Home;
			sourceTree = "<group>";
		};
		7CA6CE7B2092EA2F00150E76 /* Service */ = {
			isa = PBXGroup;
			children = (
				7CA6CE862092F0C200150E76 /* ServiceTableViewController.swift */,
				7CA6CE882092F0F100150E76 /* ServiceTableViewCell.swift */,
			);
			path = Service;
			sourceTree = "<group>";
		};
		7CA6CE7C2092EA5B00150E76 /* Contact */ = {
			isa = PBXGroup;
			children = (
				7CA6CE8A2092F89B00150E76 /* ContactViewController.swift */,
			);
			path = Contact;
			sourceTree = "<group>";
		};
		7CA6CE7D2092EA6F00150E76 /* Gallery */ = {
			isa = PBXGroup;
			children = (
				7CA6CE8E2093083F00150E76 /* GalleryCollectionViewCell.swift */,
				7CA6CE902093085500150E76 /* GalleryCollectionViewController.swift */,
				7CA6CE9220930C6400150E76 /* NewPostViewController.swift */,
				7CA6CE9420930CA700150E76 /* Post.swift */,
			);
			path = Gallery;
			sourceTree = "<group>";
		};
		E5972586B1B8F7FC2782144E /* Frameworks */ = {
			isa = PBXGroup;
			children = (
				FE5DD3D8887DE04F06EE2EEC /* Pods_JD.framework */,
				861CBC9C242F43A028604CAD /* Pods_JDTests.framework */,
				54C117716DEEBAAFD0EBF3C2 /* Pods_JDUITests.framework */,
			);
			name = Frameworks;
			sourceTree = "<group>";
		};
/* End PBXGroup section */

/* Begin PBXNativeTarget section */
		7CA6CE462092E6B300150E76 /* JD */ = {
			isa = PBXNativeTarget;
			buildConfigurationList = 7CA6CE712092E6B400150E76 /* Build configuration list for PBXNativeTarget "JD" */;
			buildPhases = (
				A08512AB0B58ECE47AF7F78F /* [CP] Check Pods Manifest.lock */,
				7CA6CE432092E6B300150E76 /* Sources */,
				7CA6CE442092E6B300150E76 /* Frameworks */,
				7CA6CE452092E6B300150E76 /* Resources */,
				A54F29142044B707961103BD /* [CP] Embed Pods Frameworks */,
			);
			buildRules = (
			);
			dependencies = (
			);
			name = JD;
			productName = JD;
			productReference = 7CA6CE472092E6B300150E76 /* JD.app */;
			productType = "com.apple.product-type.application";
		};
		7CA6CE5C2092E6B400150E76 /* JDTests */ = {
			isa = PBXNativeTarget;
			buildConfigurationList = 7CA6CE742092E6B400150E76 /* Build configuration list for PBXNativeTarget "JDTests" */;
			buildPhases = (
				EC0108F1F5427DDCBC1AA26A /* [CP] Check Pods Manifest.lock */,
				7CA6CE592092E6B400150E76 /* Sources */,
				7CA6CE5A2092E6B400150E76 /* Frameworks */,
				7CA6CE5B2092E6B400150E76 /* Resources */,
			);
			buildRules = (
			);
			dependencies = (
				7CA6CE5F2092E6B400150E76 /* PBXTargetDependency */,
			);
			name = JDTests;
			productName = JDTests;
			productReference = 7CA6CE5D2092E6B400150E76 /* JDTests.xctest */;
			productType = "com.apple.product-type.bundle.unit-test";
		};
		7CA6CE672092E6B400150E76 /* JDUITests */ = {
			isa = PBXNativeTarget;
			buildConfigurationList = 7CA6CE772092E6B400150E76 /* Build configuration list for PBXNativeTarget "JDUITests" */;
			buildPhases = (
				B8B4D6F005F6D95150C43E12 /* [CP] Check Pods Manifest.lock */,
				7CA6CE642092E6B400150E76 /* Sources */,
				7CA6CE652092E6B400150E76 /* Frameworks */,
				7CA6CE662092E6B400150E76 /* Resources */,
			);
			buildRules = (
			);
			dependencies = (
				7CA6CE6A2092E6B400150E76 /* PBXTargetDependency */,
			);
			name = JDUITests;
			productName = JDUITests;
			productReference = 7CA6CE682092E6B400150E76 /* JDUITests.xctest */;
			productType = "com.apple.product-type.bundle.ui-testing";
		};
/* End PBXNativeTarget section */

/* Begin PBXProject section */
		7CA6CE3F2092E6B300150E76 /* Project object */ = {
			isa = PBXProject;
			attributes = {
				LastSwiftUpdateCheck = 0930;
				LastUpgradeCheck = 0930;
				ORGANIZATIONNAME = "Arthur Nguyen";
				TargetAttributes = {
					7CA6CE462092E6B300150E76 = {
						CreatedOnToolsVersion = 9.3;
					};
					7CA6CE5C2092E6B400150E76 = {
						CreatedOnToolsVersion = 9.3;
						TestTargetID = 7CA6CE462092E6B300150E76;
					};
					7CA6CE672092E6B400150E76 = {
						CreatedOnToolsVersion = 9.3;
						TestTargetID = 7CA6CE462092E6B300150E76;
					};
				};
			};
			buildConfigurationList = 7CA6CE422092E6B300150E76 /* Build configuration list for PBXProject "JD" */;
			compatibilityVersion = "Xcode 9.3";
			developmentRegion = en;
			hasScannedForEncodings = 0;
			knownRegions = (
				en,
				Base,
			);
			mainGroup = 7CA6CE3E2092E6B300150E76;
			productRefGroup = 7CA6CE482092E6B300150E76 /* Products */;
			projectDirPath = "";
			projectRoot = "";
			targets = (
				7CA6CE462092E6B300150E76 /* JD */,
				7CA6CE5C2092E6B400150E76 /* JDTests */,
				7CA6CE672092E6B400150E76 /* JDUITests */,
			);
		};
/* End PBXProject section */

/* Begin PBXResourcesBuildPhase section */
		7CA6CE452092E6B300150E76 /* Resources */ = {
			isa = PBXResourcesBuildPhase;
			buildActionMask = 2147483647;
			files = (
				7CA6CE572092E6B400150E76 /* LaunchScreen.storyboard in Resources */,
				7CA6CE8D2093057D00150E76 /* GoogleService-Info.plist in Resources */,
				7CA6CE542092E6B400150E76 /* Assets.xcassets in Resources */,
				7CA6CE522092E6B300150E76 /* Main.storyboard in Resources */,
			);
			runOnlyForDeploymentPostprocessing = 0;
		};
		7CA6CE5B2092E6B400150E76 /* Resources */ = {
			isa = PBXResourcesBuildPhase;
			buildActionMask = 2147483647;
			files = (
			);
			runOnlyForDeploymentPostprocessing = 0;
		};
		7CA6CE662092E6B400150E76 /* Resources */ = {
			isa = PBXResourcesBuildPhase;
			buildActionMask = 2147483647;
			files = (
			);
			runOnlyForDeploymentPostprocessing = 0;
		};
/* End PBXResourcesBuildPhase section */

/* Begin PBXShellScriptBuildPhase section */
		A08512AB0B58ECE47AF7F78F /* [CP] Check Pods Manifest.lock */ = {
			isa = PBXShellScriptBuildPhase;
			buildActionMask = 2147483647;
			files = (
			);
			inputPaths = (
				"${PODS_PODFILE_DIR_PATH}/Podfile.lock",
				"${PODS_ROOT}/Manifest.lock",
			);
			name = "[CP] Check Pods Manifest.lock";
			outputPaths = (
				"$(DERIVED_FILE_DIR)/Pods-JD-checkManifestLockResult.txt",
			);
			runOnlyForDeploymentPostprocessing = 0;
			shellPath = /bin/sh;
			shellScript = "diff \"${PODS_PODFILE_DIR_PATH}/Podfile.lock\" \"${PODS_ROOT}/Manifest.lock\" > /dev/null\nif [ $? != 0 ] ; then\n    # print error to STDERR\n    echo \"error: The sandbox is not in sync with the Podfile.lock. Run 'pod install' or update your CocoaPods installation.\" >&2\n    exit 1\nfi\n# This output is used by Xcode 'outputs' to avoid re-running this script phase.\necho \"SUCCESS\" > \"${SCRIPT_OUTPUT_FILE_0}\"\n";
			showEnvVarsInLog = 0;
		};
		A54F29142044B707961103BD /* [CP] Embed Pods Frameworks */ = {
			isa = PBXShellScriptBuildPhase;
			buildActionMask = 2147483647;
			files = (
			);
			inputPaths = (
				"${SRCROOT}/Pods/Target Support Files/Pods-JD/Pods-JD-frameworks.sh",
				"${BUILT_PRODUCTS_DIR}/GTMSessionFetcher/GTMSessionFetcher.framework",
				"${BUILT_PRODUCTS_DIR}/GoogleToolboxForMac/GoogleToolboxForMac.framework",
				"${BUILT_PRODUCTS_DIR}/SwiftyJSON/SwiftyJSON.framework",
			);
			name = "[CP] Embed Pods Frameworks";
			outputPaths = (
				"${TARGET_BUILD_DIR}/${FRAMEWORKS_FOLDER_PATH}/GTMSessionFetcher.framework",
				"${TARGET_BUILD_DIR}/${FRAMEWORKS_FOLDER_PATH}/GoogleToolboxForMac.framework",
				"${TARGET_BUILD_DIR}/${FRAMEWORKS_FOLDER_PATH}/SwiftyJSON.framework",
			);
			runOnlyForDeploymentPostprocessing = 0;
			shellPath = /bin/sh;
			shellScript = "\"${SRCROOT}/Pods/Target Support Files/Pods-JD/Pods-JD-frameworks.sh\"\n";
			showEnvVarsInLog = 0;
		};
		B8B4D6F005F6D95150C43E12 /* [CP] Check Pods Manifest.lock */ = {
			isa = PBXShellScriptBuildPhase;
			buildActionMask = 2147483647;
			files = (
			);
			inputPaths = (
				"${PODS_PODFILE_DIR_PATH}/Podfile.lock",
				"${PODS_ROOT}/Manifest.lock",
			);
			name = "[CP] Check Pods Manifest.lock";
			outputPaths = (
				"$(DERIVED_FILE_DIR)/Pods-JDUITests-checkManifestLockResult.txt",
			);
			runOnlyForDeploymentPostprocessing = 0;
			shellPath = /bin/sh;
			shellScript = "diff \"${PODS_PODFILE_DIR_PATH}/Podfile.lock\" \"${PODS_ROOT}/Manifest.lock\" > /dev/null\nif [ $? != 0 ] ; then\n    # print error to STDERR\n    echo \"error: The sandbox is not in sync with the Podfile.lock. Run 'pod install' or update your CocoaPods installation.\" >&2\n    exit 1\nfi\n# This output is used by Xcode 'outputs' to avoid re-running this script phase.\necho \"SUCCESS\" > \"${SCRIPT_OUTPUT_FILE_0}\"\n";
			showEnvVarsInLog = 0;
		};
		EC0108F1F5427DDCBC1AA26A /* [CP] Check Pods Manifest.lock */ = {
			isa = PBXShellScriptBuildPhase;
			buildActionMask = 2147483647;
			files = (
			);
			inputPaths = (
				"${PODS_PODFILE_DIR_PATH}/Podfile.lock",
				"${PODS_ROOT}/Manifest.lock",
			);
			name = "[CP] Check Pods Manifest.lock";
			outputPaths = (
				"$(DERIVED_FILE_DIR)/Pods-JDTests-checkManifestLockResult.txt",
			);
			runOnlyForDeploymentPostprocessing = 0;
			shellPath = /bin/sh;
			shellScript = "diff \"${PODS_PODFILE_DIR_PATH}/Podfile.lock\" \"${PODS_ROOT}/Manifest.lock\" > /dev/null\nif [ $? != 0 ] ; then\n    # print error to STDERR\n    echo \"error: The sandbox is not in sync with the Podfile.lock. Run 'pod install' or update your CocoaPods installation.\" >&2\n    exit 1\nfi\n# This output is used by Xcode 'outputs' to avoid re-running this script phase.\necho \"SUCCESS\" > \"${SCRIPT_OUTPUT_FILE_0}\"\n";
			showEnvVarsInLog = 0;
		};
/* End PBXShellScriptBuildPhase section */

/* Begin PBXSourcesBuildPhase section */
		7CA6CE432092E6B300150E76 /* Sources */ = {
			isa = PBXSourcesBuildPhase;
			buildActionMask = 2147483647;
			files = (
				7CA6CE9320930C6400150E76 /* NewPostViewController.swift in Sources */,
				7CA6CE872092F0C200150E76 /* ServiceTableViewController.swift in Sources */,
				7CA6CE8B2092F89B00150E76 /* ContactViewController.swift in Sources */,
				7CA6CE9520930CA700150E76 /* Post.swift in Sources */,
				7CA6CE812092EC0F00150E76 /* AcrylicCollectionViewCell.swift in Sources */,
				7CA6CE4B2092E6B300150E76 /* AppDelegate.swift in Sources */,
				7CA6CE852092EC3600150E76 /* VeganCollectionViewCell.swift in Sources */,
				7CA6CE912093085500150E76 /* GalleryCollectionViewController.swift in Sources */,
				7CA6CE832092EC2300150E76 /* ChromeCollectionViewCell.swift in Sources */,
				7CA6CE7F2092EBD800150E76 /* HomeViewController.swift in Sources */,
				7CA6CE8F2093083F00150E76 /* GalleryCollectionViewCell.swift in Sources */,
				7C940C972093303300DF3B57 /* LoginViewController.swift in Sources */,
				7CA6CE892092F0F100150E76 /* ServiceTableViewCell.swift in Sources */,
			);
			runOnlyForDeploymentPostprocessing = 0;
		};
		7CA6CE592092E6B400150E76 /* Sources */ = {
			isa = PBXSourcesBuildPhase;
			buildActionMask = 2147483647;
			files = (
				7CA6CE622092E6B400150E76 /* JDTests.swift in Sources */,
			);
			runOnlyForDeploymentPostprocessing = 0;
		};
		7CA6CE642092E6B400150E76 /* Sources */ = {
			isa = PBXSourcesBuildPhase;
			buildActionMask = 2147483647;
			files = (
				7CA6CE6D2092E6B400150E76 /* JDUITests.swift in Sources */,
			);
			runOnlyForDeploymentPostprocessing = 0;
		};
/* End PBXSourcesBuildPhase section */

/* Begin PBXTargetDependency section */
		7CA6CE5F2092E6B400150E76 /* PBXTargetDependency */ = {
			isa = PBXTargetDependency;
			target = 7CA6CE462092E6B300150E76 /* JD */;
			targetProxy = 7CA6CE5E2092E6B400150E76 /* PBXContainerItemProxy */;
		};
		7CA6CE6A2092E6B400150E76 /* PBXTargetDependency */ = {
			isa = PBXTargetDependency;
			target = 7CA6CE462092E6B300150E76 /* JD */;
			targetProxy = 7CA6CE692092E6B400150E76 /* PBXContainerItemProxy */;
		};
/* End PBXTargetDependency section */

/* Begin PBXVariantGroup section */
		7CA6CE502092E6B300150E76 /* Main.storyboard */ = {
			isa = PBXVariantGroup;
			children = (
				7CA6CE512092E6B300150E76 /* Base */,
			);
			name = Main.storyboard;
			sourceTree = "<group>";
		};
		7CA6CE552092E6B400150E76 /* LaunchScreen.storyboard */ = {
			isa = PBXVariantGroup;
			children = (
				7CA6CE562092E6B400150E76 /* Base */,
			);
			name = LaunchScreen.storyboard;
			sourceTree = "<group>";
		};
/* End PBXVariantGroup section */

/* Begin XCBuildConfiguration section */
		7CA6CE6F2092E6B400150E76 /* Debug */ = {
			isa = XCBuildConfiguration;
			buildSettings = {
				ALWAYS_SEARCH_USER_PATHS = NO;
				CLANG_ANALYZER_NONNULL = YES;
				CLANG_ANALYZER_NUMBER_OBJECT_CONVERSION = YES_AGGRESSIVE;
				CLANG_CXX_LANGUAGE_STANDARD = "gnu++14";
				CLANG_CXX_LIBRARY = "libc++";
				CLANG_ENABLE_MODULES = YES;
				CLANG_ENABLE_OBJC_ARC = YES;
				CLANG_ENABLE_OBJC_WEAK = YES;
				CLANG_WARN_BLOCK_CAPTURE_AUTORELEASING = YES;
				CLANG_WARN_BOOL_CONVERSION = YES;
				CLANG_WARN_COMMA = YES;
				CLANG_WARN_CONSTANT_CONVERSION = YES;
				CLANG_WARN_DEPRECATED_OBJC_IMPLEMENTATIONS = YES;
				CLANG_WARN_DIRECT_OBJC_ISA_USAGE = YES_ERROR;
				CLANG_WARN_DOCUMENTATION_COMMENTS = YES;
				CLANG_WARN_EMPTY_BODY = YES;
				CLANG_WARN_ENUM_CONVERSION = YES;
				CLANG_WARN_INFINITE_RECURSION = YES;
				CLANG_WARN_INT_CONVERSION = YES;
				CLANG_WARN_NON_LITERAL_NULL_CONVERSION = YES;
				CLANG_WARN_OBJC_IMPLICIT_RETAIN_SELF = YES;
				CLANG_WARN_OBJC_LITERAL_CONVERSION = YES;
				CLANG_WARN_OBJC_ROOT_CLASS = YES_ERROR;
				CLANG_WARN_RANGE_LOOP_ANALYSIS = YES;
				CLANG_WARN_STRICT_PROTOTYPES = YES;
				CLANG_WARN_SUSPICIOUS_MOVE = YES;
				CLANG_WARN_UNGUARDED_AVAILABILITY = YES_AGGRESSIVE;
				CLANG_WARN_UNREACHABLE_CODE = YES;
				CLANG_WARN__DUPLICATE_METHOD_MATCH = YES;
				CODE_SIGN_IDENTITY = "iPhone Developer";
				COPY_PHASE_STRIP = NO;
				DEBUG_INFORMATION_FORMAT = dwarf;
				ENABLE_STRICT_OBJC_MSGSEND = YES;
				ENABLE_TESTABILITY = YES;
				GCC_C_LANGUAGE_STANDARD = gnu11;
				GCC_DYNAMIC_NO_PIC = NO;
				GCC_NO_COMMON_BLOCKS = YES;
				GCC_OPTIMIZATION_LEVEL = 0;
				GCC_PREPROCESSOR_DEFINITIONS = (
					"DEBUG=1",
					"$(inherited)",
				);
				GCC_WARN_64_TO_32_BIT_CONVERSION = YES;
				GCC_WARN_ABOUT_RETURN_TYPE = YES_ERROR;
				GCC_WARN_UNDECLARED_SELECTOR = YES;
				GCC_WARN_UNINITIALIZED_AUTOS = YES_AGGRESSIVE;
				GCC_WARN_UNUSED_FUNCTION = YES;
				GCC_WARN_UNUSED_VARIABLE = YES;
				IPHONEOS_DEPLOYMENT_TARGET = 11.3;
				MTL_ENABLE_DEBUG_INFO = YES;
				ONLY_ACTIVE_ARCH = YES;
				SDKROOT = iphoneos;
				SWIFT_ACTIVE_COMPILATION_CONDITIONS = DEBUG;
				SWIFT_OPTIMIZATION_LEVEL = "-Onone";
			};
			name = Debug;
		};
		7CA6CE702092E6B400150E76 /* Release */ = {
			isa = XCBuildConfiguration;
			buildSettings = {
				ALWAYS_SEARCH_USER_PATHS = NO;
				CLANG_ANALYZER_NONNULL = YES;
				CLANG_ANALYZER_NUMBER_OBJECT_CONVERSION = YES_AGGRESSIVE;
				CLANG_CXX_LANGUAGE_STANDARD = "gnu++14";
				CLANG_CXX_LIBRARY = "libc++";
				CLANG_ENABLE_MODULES = YES;
				CLANG_ENABLE_OBJC_ARC = YES;
				CLANG_ENABLE_OBJC_WEAK = YES;
				CLANG_WARN_BLOCK_CAPTURE_AUTORELEASING = YES;
				CLANG_WARN_BOOL_CONVERSION = YES;
				CLANG_WARN_COMMA = YES;
				CLANG_WARN_CONSTANT_CONVERSION = YES;
				CLANG_WARN_DEPRECATED_OBJC_IMPLEMENTATIONS = YES;
				CLANG_WARN_DIRECT_OBJC_ISA_USAGE = YES_ERROR;
				CLANG_WARN_DOCUMENTATION_COMMENTS = YES;
				CLANG_WARN_EMPTY_BODY = YES;
				CLANG_WARN_ENUM_CONVERSION = YES;
				CLANG_WARN_INFINITE_RECURSION = YES;
				CLANG_WARN_INT_CONVERSION = YES;
				CLANG_WARN_NON_LITERAL_NULL_CONVERSION = YES;
				CLANG_WARN_OBJC_IMPLICIT_RETAIN_SELF = YES;
				CLANG_WARN_OBJC_LITERAL_CONVERSION = YES;
				CLANG_WARN_OBJC_ROOT_CLASS = YES_ERROR;
				CLANG_WARN_RANGE_LOOP_ANALYSIS = YES;
				CLANG_WARN_STRICT_PROTOTYPES = YES;
				CLANG_WARN_SUSPICIOUS_MOVE = YES;
				CLANG_WARN_UNGUARDED_AVAILABILITY = YES_AGGRESSIVE;
				CLANG_WARN_UNREACHABLE_CODE = YES;
				CLANG_WARN__DUPLICATE_METHOD_MATCH = YES;
				CODE_SIGN_IDENTITY = "iPhone Developer";
				COPY_PHASE_STRIP = NO;
				DEBUG_INFORMATION_FORMAT = "dwarf-with-dsym";
				ENABLE_NS_ASSERTIONS = NO;
				ENABLE_STRICT_OBJC_MSGSEND = YES;
				GCC_C_LANGUAGE_STANDARD = gnu11;
				GCC_NO_COMMON_BLOCKS = YES;
				GCC_WARN_64_TO_32_BIT_CONVERSION = YES;
				GCC_WARN_ABOUT_RETURN_TYPE = YES_ERROR;
				GCC_WARN_UNDECLARED_SELECTOR = YES;
				GCC_WARN_UNINITIALIZED_AUTOS = YES_AGGRESSIVE;
				GCC_WARN_UNUSED_FUNCTION = YES;
				GCC_WARN_UNUSED_VARIABLE = YES;
				IPHONEOS_DEPLOYMENT_TARGET = 11.3;
				MTL_ENABLE_DEBUG_INFO = NO;
				SDKROOT = iphoneos;
				SWIFT_COMPILATION_MODE = wholemodule;
				SWIFT_OPTIMIZATION_LEVEL = "-O";
				VALIDATE_PRODUCT = YES;
			};
			name = Release;
		};
		7CA6CE722092E6B400150E76 /* Debug */ = {
			isa = XCBuildConfiguration;
			baseConfigurationReference = B76AF29DA63B19842AB5863A /* Pods-JD.debug.xcconfig */;
			buildSettings = {
				ASSETCATALOG_COMPILER_APPICON_NAME = AppIcon;
				CODE_SIGN_STYLE = Automatic;
				DEVELOPMENT_TEAM = UVZ9NNJ9CL;
				INFOPLIST_FILE = JD/Info.plist;
				LD_RUNPATH_SEARCH_PATHS = (
					"$(inherited)",
					"@executable_path/Frameworks",
				);
				PRODUCT_BUNDLE_IDENTIFIER = com.AppsbyArthur.JD;
				PRODUCT_NAME = "$(TARGET_NAME)";
				SWIFT_VERSION = 4.0;
				TARGETED_DEVICE_FAMILY = "1,2";
			};
			name = Debug;
		};
		7CA6CE732092E6B400150E76 /* Release */ = {
			isa = XCBuildConfiguration;
			baseConfigurationReference = 6D7FF56023A37E0DEB569B50 /* Pods-JD.release.xcconfig */;
			buildSettings = {
				ASSETCATALOG_COMPILER_APPICON_NAME = AppIcon;
				CODE_SIGN_STYLE = Automatic;
				DEVELOPMENT_TEAM = UVZ9NNJ9CL;
				INFOPLIST_FILE = JD/Info.plist;
				LD_RUNPATH_SEARCH_PATHS = (
					"$(inherited)",
					"@executable_path/Frameworks",
				);
				PRODUCT_BUNDLE_IDENTIFIER = com.AppsbyArthur.JD;
				PRODUCT_NAME = "$(TARGET_NAME)";
				SWIFT_VERSION = 4.0;
				TARGETED_DEVICE_FAMILY = "1,2";
			};
			name = Release;
		};
		7CA6CE752092E6B400150E76 /* Debug */ = {
			isa = XCBuildConfiguration;
			baseConfigurationReference = 6B347709B697667C26EB7985 /* Pods-JDTests.debug.xcconfig */;
			buildSettings = {
				ALWAYS_EMBED_SWIFT_STANDARD_LIBRARIES = YES;
				BUNDLE_LOADER = "$(TEST_HOST)";
				CODE_SIGN_STYLE = Automatic;
				DEVELOPMENT_TEAM = UVZ9NNJ9CL;
				INFOPLIST_FILE = JDTests/Info.plist;
				LD_RUNPATH_SEARCH_PATHS = (
					"$(inherited)",
					"@executable_path/Frameworks",
					"@loader_path/Frameworks",
				);
				PRODUCT_BUNDLE_IDENTIFIER = com.AppsbyArthur.JDTests;
				PRODUCT_NAME = "$(TARGET_NAME)";
				SWIFT_VERSION = 4.0;
				TARGETED_DEVICE_FAMILY = "1,2";
				TEST_HOST = "$(BUILT_PRODUCTS_DIR)/JD.app/JD";
			};
			name = Debug;
		};
		7CA6CE762092E6B400150E76 /* Release */ = {
			isa = XCBuildConfiguration;
			baseConfigurationReference = E8B5EFDE0B7628C3F766B47F /* Pods-JDTests.release.xcconfig */;
			buildSettings = {
				ALWAYS_EMBED_SWIFT_STANDARD_LIBRARIES = YES;
				BUNDLE_LOADER = "$(TEST_HOST)";
				CODE_SIGN_STYLE = Automatic;
				DEVELOPMENT_TEAM = UVZ9NNJ9CL;
				INFOPLIST_FILE = JDTests/Info.plist;
				LD_RUNPATH_SEARCH_PATHS = (
					"$(inherited)",
					"@executable_path/Frameworks",
					"@loader_path/Frameworks",
				);
				PRODUCT_BUNDLE_IDENTIFIER = com.AppsbyArthur.JDTests;
				PRODUCT_NAME = "$(TARGET_NAME)";
				SWIFT_VERSION = 4.0;
				TARGETED_DEVICE_FAMILY = "1,2";
				TEST_HOST = "$(BUILT_PRODUCTS_DIR)/JD.app/JD";
			};
			name = Release;
		};
		7CA6CE782092E6B400150E76 /* Debug */ = {
			isa = XCBuildConfiguration;
			baseConfigurationReference = FD847FE5E0A0477B651C1436 /* Pods-JDUITests.debug.xcconfig */;
			buildSettings = {
				ALWAYS_EMBED_SWIFT_STANDARD_LIBRARIES = YES;
				CODE_SIGN_STYLE = Automatic;
				DEVELOPMENT_TEAM = UVZ9NNJ9CL;
				INFOPLIST_FILE = JDUITests/Info.plist;
				LD_RUNPATH_SEARCH_PATHS = (
					"$(inherited)",
					"@executable_path/Frameworks",
					"@loader_path/Frameworks",
				);
				PRODUCT_BUNDLE_IDENTIFIER = com.AppsbyArthur.JDUITests;
				PRODUCT_NAME = "$(TARGET_NAME)";
				SWIFT_VERSION = 4.0;
				TARGETED_DEVICE_FAMILY = "1,2";
				TEST_TARGET_NAME = JD;
			};
			name = Debug;
		};
		7CA6CE792092E6B400150E76 /* Release */ = {
			isa = XCBuildConfiguration;
			baseConfigurationReference = 78C23E5773DCBD968EB9C76C /* Pods-JDUITests.release.xcconfig */;
			buildSettings = {
				ALWAYS_EMBED_SWIFT_STANDARD_LIBRARIES = YES;
				CODE_SIGN_STYLE = Automatic;
				DEVELOPMENT_TEAM = UVZ9NNJ9CL;
				INFOPLIST_FILE = JDUITests/Info.plist;
				LD_RUNPATH_SEARCH_PATHS = (
					"$(inherited)",
					"@executable_path/Frameworks",
					"@loader_path/Frameworks",
				);
				PRODUCT_BUNDLE_IDENTIFIER = com.AppsbyArthur.JDUITests;
				PRODUCT_NAME = "$(TARGET_NAME)";
				SWIFT_VERSION = 4.0;
				TARGETED_DEVICE_FAMILY = "1,2";
				TEST_TARGET_NAME = JD;
			};
			name = Release;
		};
/* End XCBuildConfiguration section */

/* Begin XCConfigurationList section */
		7CA6CE422092E6B300150E76 /* Build configuration list for PBXProject "JD" */ = {
			isa = XCConfigurationList;
			buildConfigurations = (
				7CA6CE6F2092E6B400150E76 /* Debug */,
				7CA6CE702092E6B400150E76 /* Release */,
			);
			defaultConfigurationIsVisible = 0;
			defaultConfigurationName = Release;
		};
		7CA6CE712092E6B400150E76 /* Build configuration list for PBXNativeTarget "JD" */ = {
			isa = XCConfigurationList;
			buildConfigurations = (
				7CA6CE722092E6B400150E76 /* Debug */,
				7CA6CE732092E6B400150E76 /* Release */,
			);
			defaultConfigurationIsVisible = 0;
			defaultConfigurationName = Release;
		};
		7CA6CE742092E6B400150E76 /* Build configuration list for PBXNativeTarget "JDTests" */ = {
			isa = XCConfigurationList;
			buildConfigurations = (
				7CA6CE752092E6B400150E76 /* Debug */,
				7CA6CE762092E6B400150E76 /* Release */,
			);
			defaultConfigurationIsVisible = 0;
			defaultConfigurationName = Release;
		};
		7CA6CE772092E6B400150E76 /* Build configuration list for PBXNativeTarget "JDUITests" */ = {
			isa = XCConfigurationList;
			buildConfigurations = (
				7CA6CE782092E6B400150E76 /* Debug */,
				7CA6CE792092E6B400150E76 /* Release */,
			);
			defaultConfigurationIsVisible = 0;
			defaultConfigurationName = Release;
		};
/* End XCConfigurationList section */
	};
	rootObject = 7CA6CE3F2092E6B300150E76 /* Project object */;
}
